{
  "nodes": {
    "nixpkgs": {
      "locked": {
        "lastModified": 1669833724,
        "narHash": "sha256-/HEZNyGbnQecrgJnfE8d0WC5c1xuPSD2LUpB6YXlg4c=",
        "owner": "NixOS",
        "repo": "nixpkgs",
        "rev": "4d2b37a84fad1091b9de401eb450aae66f1a741e",
        "type": "github"
      },
      "original": {
        "owner": "NixOS",
        "ref": "22.11",
        "repo": "nixpkgs",
        "type": "github"
      }
    },
    "root": {
      "inputs": {
        "nixpkgs": "nixpkgs",
        "treefmt-nix": "treefmt-nix"
      }
    },
    "treefmt-nix": {
      "inputs": {
        "nixpkgs": [
          "nixpkgs"
        ]
      },
      "locked": {
        "lastModified": 1685519364,
        "narHash": "sha256-rE9c9jWDSc5Nj0OjNzBENaJ6j4YBphcqSPia2IwCMLA=",
        "owner": "numtide",
        "repo": "treefmt-nix",
        "rev": "6521a278bcba66b440554cc1350403594367b4ac",
        "type": "github"
      },
      "original": {
        "owner": "numtide",
        "repo": "treefmt-nix",
        "type": "github"
      }
    }
  },
  "root": "root",
  "version": 7
}
